
Microsoft Visual Studio Solution File, Format Version 12.00
# Visual Studio Version 17
VisualStudioVersion = 17.9.34723.18
MinimumVisualStudioVersion = 10.0.40219.1
Project("{FAE04EC0-301F-11D3-BF4B-00C04F79EFBC}") = "CrawlerScript.Samples", "CrawlerScript.Samples\CrawlerScript.Samples.csproj", "{58A681A5-3133-4740-AF4E-983A4D52D16A}"
EndProject
Global
	GlobalSection(SolutionConfigurationPlatforms) = preSolution
		Debug|Any CPU = Debug|Any CPU
		Release|Any CPU = Release|Any CPU
	EndGlobalSection
	GlobalSection(ProjectConfigurationPlatforms) = postSolution
		{58A681A5-3133-4740-AF4E-983A4D52D16A}.Debug|Any CPU.ActiveCfg = Debug|Any CPU
		{58A681A5-3133-4740-AF4E-983A4D52D16A}.Debug|Any CPU.Build.0 = Debug|Any CPU
		{58A681A5-3133-4740-AF4E-983A4D52D16A}.Release|Any CPU.ActiveCfg = Release|Any CPU
		{58A681A5-3133-4740-AF4E-983A4D52D16A}.Release|Any CPU.Build.0 = Release|Any CPU
	EndGlobalSection
	GlobalSection(SolutionProperties) = preSolution
		HideSolutionNode = FALSE
	EndGlobalSection
	GlobalSection(ExtensibilityGlobals) = postSolution
		SolutionGuid = {CF0057C9-4476-470B-9878-EA70647997CF}
	EndGlobalSection
EndGlobal
